// !$*UTF8*$!
{
	archiveVersion = 1;
	classes = {
	};
	objectVersion = 50;
	objects = {

/* Begin PBXBuildFile section */
		7B8FF32AF21AA93E1F410E1C /* Pods_WanderlistTests.framework in Frameworks */ = {isa = PBXBuildFile; fileRef = 4DD87FABFE7F9809E2933975 /* Pods_WanderlistTests.framework */; };
		964BF9472236B99D003E77DC /* AlgoliaService.swift in Sources */ = {isa = PBXBuildFile; fileRef = 964BF9462236B99D003E77DC /* AlgoliaService.swift */; };
		964BF9492236C3A0003E77DC /* Wanderlist.swift in Sources */ = {isa = PBXBuildFile; fileRef = 964BF9482236C3A0003E77DC /* Wanderlist.swift */; };
		968ED31D22330220005F6AE1 /* User.swift in Sources */ = {isa = PBXBuildFile; fileRef = 968ED31C22330220005F6AE1 /* User.swift */; };
		968ED32022331902005F6AE1 /* Explore.storyboard in Resources */ = {isa = PBXBuildFile; fileRef = 968ED31F22331902005F6AE1 /* Explore.storyboard */; };
		968ED323223347AA005F6AE1 /* WanderlistPreviewViewController.swift in Sources */ = {isa = PBXBuildFile; fileRef = 968ED322223347AA005F6AE1 /* WanderlistPreviewViewController.swift */; };
		968ED32522334C15005F6AE1 /* WanderlistDetailMapboxMap.swift in Sources */ = {isa = PBXBuildFile; fileRef = 968ED32422334C14005F6AE1 /* WanderlistDetailMapboxMap.swift */; };
		968ED32822334C96005F6AE1 /* WanderspotCollectionViewCell.swift in Sources */ = {isa = PBXBuildFile; fileRef = 968ED32622334C96005F6AE1 /* WanderspotCollectionViewCell.swift */; };
		968ED32922334C96005F6AE1 /* WanderspotCollectionViewCell.xib in Resources */ = {isa = PBXBuildFile; fileRef = 968ED32722334C96005F6AE1 /* WanderspotCollectionViewCell.xib */; };
		969354D8222EF1B400752858 /* AppDelegate.swift in Sources */ = {isa = PBXBuildFile; fileRef = 969354D7222EF1B400752858 /* AppDelegate.swift */; };
		969354DD222EF1B400752858 /* Main.storyboard in Resources */ = {isa = PBXBuildFile; fileRef = 969354DB222EF1B400752858 /* Main.storyboard */; };
		969354E0222EF1B400752858 /* Wanderlist.xcdatamodeld in Sources */ = {isa = PBXBuildFile; fileRef = 969354DE222EF1B400752858 /* Wanderlist.xcdatamodeld */; };
		969354E2222EF1B400752858 /* Assets.xcassets in Resources */ = {isa = PBXBuildFile; fileRef = 969354E1222EF1B400752858 /* Assets.xcassets */; };
		969354E5222EF1B400752858 /* LaunchScreen.storyboard in Resources */ = {isa = PBXBuildFile; fileRef = 969354E3222EF1B400752858 /* LaunchScreen.storyboard */; };
		969354F0222EF1B500752858 /* WanderlistTests.swift in Sources */ = {isa = PBXBuildFile; fileRef = 969354EF222EF1B500752858 /* WanderlistTests.swift */; };
		969354FE222F151000752858 /* ExploreMapViewController.swift in Sources */ = {isa = PBXBuildFile; fileRef = 969354FD222F151000752858 /* ExploreMapViewController.swift */; };
		96935500222F174500752858 /* WanderlistMapboxMap.swift in Sources */ = {isa = PBXBuildFile; fileRef = 969354FF222F174500752858 /* WanderlistMapboxMap.swift */; };
		96935507222F17F400752858 /* Wanderspot.swift in Sources */ = {isa = PBXBuildFile; fileRef = 96935506222F17F400752858 /* Wanderspot.swift */; };
		96935509222F1AFF00752858 /* secret.swift in Sources */ = {isa = PBXBuildFile; fileRef = 96935508222F1AFF00752858 /* secret.swift */; };
		9693550C222F1B6B00752858 /* AuthService.swift in Sources */ = {isa = PBXBuildFile; fileRef = 9693550B222F1B6B00752858 /* AuthService.swift */; };
		9693550E222F1BC000752858 /* ArrayExt.swift in Sources */ = {isa = PBXBuildFile; fileRef = 9693550D222F1BC000752858 /* ArrayExt.swift */; };
		96935515222F2B0E00752858 /* WanderlistCollectionViewCell.swift in Sources */ = {isa = PBXBuildFile; fileRef = 96935513222F2B0E00752858 /* WanderlistCollectionViewCell.swift */; };
		96935516222F2B0E00752858 /* WanderlistCollectionViewCell.xib in Resources */ = {isa = PBXBuildFile; fileRef = 96935514222F2B0E00752858 /* WanderlistCollectionViewCell.xib */; };
		96935518222F32A300752858 /* GoogleService-Info.plist in Resources */ = {isa = PBXBuildFile; fileRef = 96935517222F32A300752858 /* GoogleService-Info.plist */; };
		9695B3D622384504005FC76F /* OpenSans-SemiboldItalic.ttf in Resources */ = {isa = PBXBuildFile; fileRef = 9695B3CC22384502005FC76F /* OpenSans-SemiboldItalic.ttf */; };
		9695B3D722384504005FC76F /* OpenSans-Light.ttf in Resources */ = {isa = PBXBuildFile; fileRef = 9695B3CD22384502005FC76F /* OpenSans-Light.ttf */; };
		9695B3D822384504005FC76F /* OpenSans-LightItalic.ttf in Resources */ = {isa = PBXBuildFile; fileRef = 9695B3CE22384502005FC76F /* OpenSans-LightItalic.ttf */; };
		9695B3D922384504005FC76F /* OpenSans-Italic.ttf in Resources */ = {isa = PBXBuildFile; fileRef = 9695B3CF22384502005FC76F /* OpenSans-Italic.ttf */; };
		9695B3DA22384504005FC76F /* OpenSans-Regular.ttf in Resources */ = {isa = PBXBuildFile; fileRef = 9695B3D022384503005FC76F /* OpenSans-Regular.ttf */; };
		9695B3DB22384504005FC76F /* OpenSans-ExtraBoldItalic.ttf in Resources */ = {isa = PBXBuildFile; fileRef = 9695B3D122384503005FC76F /* OpenSans-ExtraBoldItalic.ttf */; };
		9695B3DC22384504005FC76F /* OpenSans-Bold.ttf in Resources */ = {isa = PBXBuildFile; fileRef = 9695B3D222384503005FC76F /* OpenSans-Bold.ttf */; };
		9695B3DD22384504005FC76F /* OpenSans-ExtraBold.ttf in Resources */ = {isa = PBXBuildFile; fileRef = 9695B3D322384503005FC76F /* OpenSans-ExtraBold.ttf */; };
		9695B3DE22384504005FC76F /* OpenSans-Semibold.ttf in Resources */ = {isa = PBXBuildFile; fileRef = 9695B3D422384503005FC76F /* OpenSans-Semibold.ttf */; };
		9695B3DF22384504005FC76F /* OpenSans-BoldItalic.ttf in Resources */ = {isa = PBXBuildFile; fileRef = 9695B3D522384504005FC76F /* OpenSans-BoldItalic.ttf */; };
		9695B3E222386F7A005FC76F /* SearchViewController.swift in Sources */ = {isa = PBXBuildFile; fileRef = 9695B3E122386F7A005FC76F /* SearchViewController.swift */; };
		9695B3E422387427005FC76F /* Search.storyboard in Resources */ = {isa = PBXBuildFile; fileRef = 9695B3E322387427005FC76F /* Search.storyboard */; };
		9695B3E622398ECC005FC76F /* UIView+Extensions.swift in Sources */ = {isa = PBXBuildFile; fileRef = 9695B3E522398ECC005FC76F /* UIView+Extensions.swift */; };
		96F2F6CD223AC6BB0023BC53 /* Create.storyboard in Resources */ = {isa = PBXBuildFile; fileRef = 96F2F6CC223AC6BB0023BC53 /* Create.storyboard */; };
		96F2F6CF223AC7160023BC53 /* CreateWanderlistViewController.swift in Sources */ = {isa = PBXBuildFile; fileRef = 96F2F6CE223AC7160023BC53 /* CreateWanderlistViewController.swift */; };
		96F2F6D1223AD5180023BC53 /* UIButton+Extensions.swift in Sources */ = {isa = PBXBuildFile; fileRef = 96F2F6D0223AD5180023BC53 /* UIButton+Extensions.swift */; };
		96F2F6D3223AD97B0023BC53 /* WanderspotAnnotation.swift in Sources */ = {isa = PBXBuildFile; fileRef = 96F2F6D2223AD97B0023BC53 /* WanderspotAnnotation.swift */; };
		96F7A235223BFAD9000FF76E /* GeoMapbox.swift in Sources */ = {isa = PBXBuildFile; fileRef = 96F7A234223BFAD9000FF76E /* GeoMapbox.swift */; };
		96F7A237223C0307000FF76E /* EditWanderspotsViewController.swift in Sources */ = {isa = PBXBuildFile; fileRef = 96F7A236223C0307000FF76E /* EditWanderspotsViewController.swift */; };
		96F7A23D223C2771000FF76E /* Geocode.swift in Sources */ = {isa = PBXBuildFile; fileRef = 96F7A23C223C2771000FF76E /* Geocode.swift */; };
		96F7A23F223C2B0D000FF76E /* NativeGeocoding.swift in Sources */ = {isa = PBXBuildFile; fileRef = 96F7A23E223C2B0D000FF76E /* NativeGeocoding.swift */; };
		96F7A24B223C3651000FF76E /* Errors.swift in Sources */ = {isa = PBXBuildFile; fileRef = 96F7A24A223C3651000FF76E /* Errors.swift */; };
		96F7A25022403DD5000FF76E /* PlaceResultCollectionViewCell.swift in Sources */ = {isa = PBXBuildFile; fileRef = 96F7A24E22403DD5000FF76E /* PlaceResultCollectionViewCell.swift */; };
		96F7A25122403DD5000FF76E /* PlaceResultCollectionViewCell.xib in Resources */ = {isa = PBXBuildFile; fileRef = 96F7A24F22403DD5000FF76E /* PlaceResultCollectionViewCell.xib */; };
		C1CFEF6CCE3FD11A31979A6E /* Pods_Wanderlist.framework in Frameworks */ = {isa = PBXBuildFile; fileRef = A0446F8C4F214C716E8E3738 /* Pods_Wanderlist.framework */; };
/* End PBXBuildFile section */

/* Begin PBXContainerItemProxy section */
		969354EC222EF1B500752858 /* PBXContainerItemProxy */ = {
			isa = PBXContainerItemProxy;
			containerPortal = 969354CC222EF1B400752858 /* Project object */;
			proxyType = 1;
			remoteGlobalIDString = 969354D3222EF1B400752858;
			remoteInfo = Wanderlist;
		};
/* End PBXContainerItemProxy section */

/* Begin PBXFileReference section */
		3E70BCECD9E39F27C8C2F34F /* Pods-WanderlistTests.debug.xcconfig */ = {isa = PBXFileReference; includeInIndex = 1; lastKnownFileType = text.xcconfig; name = "Pods-WanderlistTests.debug.xcconfig"; path = "Target Support Files/Pods-WanderlistTests/Pods-WanderlistTests.debug.xcconfig"; sourceTree = "<group>"; };
		4DD87FABFE7F9809E2933975 /* Pods_WanderlistTests.framework */ = {isa = PBXFileReference; explicitFileType = wrapper.framework; includeInIndex = 0; path = Pods_WanderlistTests.framework; sourceTree = BUILT_PRODUCTS_DIR; };
		63A2F5A35146DD408797D780 /* Pods-Wanderlist.debug.xcconfig */ = {isa = PBXFileReference; includeInIndex = 1; lastKnownFileType = text.xcconfig; name = "Pods-Wanderlist.debug.xcconfig"; path = "Target Support Files/Pods-Wanderlist/Pods-Wanderlist.debug.xcconfig"; sourceTree = "<group>"; };
		964BF9462236B99D003E77DC /* AlgoliaService.swift */ = {isa = PBXFileReference; lastKnownFileType = sourcecode.swift; path = AlgoliaService.swift; sourceTree = "<group>"; };
		964BF9482236C3A0003E77DC /* Wanderlist.swift */ = {isa = PBXFileReference; lastKnownFileType = sourcecode.swift; path = Wanderlist.swift; sourceTree = "<group>"; };
		968ED31C22330220005F6AE1 /* User.swift */ = {isa = PBXFileReference; lastKnownFileType = sourcecode.swift; path = User.swift; sourceTree = "<group>"; };
		968ED31F22331902005F6AE1 /* Explore.storyboard */ = {isa = PBXFileReference; fileEncoding = 4; lastKnownFileType = file.storyboard; path = Explore.storyboard; sourceTree = "<group>"; };
		968ED322223347AA005F6AE1 /* WanderlistPreviewViewController.swift */ = {isa = PBXFileReference; lastKnownFileType = sourcecode.swift; path = WanderlistPreviewViewController.swift; sourceTree = "<group>"; };
		968ED32422334C14005F6AE1 /* WanderlistDetailMapboxMap.swift */ = {isa = PBXFileReference; fileEncoding = 4; lastKnownFileType = sourcecode.swift; path = WanderlistDetailMapboxMap.swift; sourceTree = "<group>"; };
		968ED32622334C96005F6AE1 /* WanderspotCollectionViewCell.swift */ = {isa = PBXFileReference; fileEncoding = 4; lastKnownFileType = sourcecode.swift; path = WanderspotCollectionViewCell.swift; sourceTree = "<group>"; };
		968ED32722334C96005F6AE1 /* WanderspotCollectionViewCell.xib */ = {isa = PBXFileReference; fileEncoding = 4; lastKnownFileType = file.xib; path = WanderspotCollectionViewCell.xib; sourceTree = "<group>"; };
		969354D4222EF1B400752858 /* Wanderlist.app */ = {isa = PBXFileReference; explicitFileType = wrapper.application; includeInIndex = 0; path = Wanderlist.app; sourceTree = BUILT_PRODUCTS_DIR; };
		969354D7222EF1B400752858 /* AppDelegate.swift */ = {isa = PBXFileReference; lastKnownFileType = sourcecode.swift; path = AppDelegate.swift; sourceTree = "<group>"; };
		969354DC222EF1B400752858 /* Base */ = {isa = PBXFileReference; lastKnownFileType = file.storyboard; name = Base; path = Base.lproj/Main.storyboard; sourceTree = "<group>"; };
		969354DF222EF1B400752858 /* Wanderlist.xcdatamodel */ = {isa = PBXFileReference; lastKnownFileType = wrapper.xcdatamodel; path = Wanderlist.xcdatamodel; sourceTree = "<group>"; };
		969354E1222EF1B400752858 /* Assets.xcassets */ = {isa = PBXFileReference; lastKnownFileType = folder.assetcatalog; path = Assets.xcassets; sourceTree = "<group>"; };
		969354E4222EF1B400752858 /* Base */ = {isa = PBXFileReference; lastKnownFileType = file.storyboard; name = Base; path = Base.lproj/LaunchScreen.storyboard; sourceTree = "<group>"; };
		969354E6222EF1B400752858 /* Info.plist */ = {isa = PBXFileReference; lastKnownFileType = text.plist.xml; path = Info.plist; sourceTree = "<group>"; };
		969354EB222EF1B500752858 /* WanderlistTests.xctest */ = {isa = PBXFileReference; explicitFileType = wrapper.cfbundle; includeInIndex = 0; path = WanderlistTests.xctest; sourceTree = BUILT_PRODUCTS_DIR; };
		969354EF222EF1B500752858 /* WanderlistTests.swift */ = {isa = PBXFileReference; lastKnownFileType = sourcecode.swift; path = WanderlistTests.swift; sourceTree = "<group>"; };
		969354F1222EF1B500752858 /* Info.plist */ = {isa = PBXFileReference; lastKnownFileType = text.plist.xml; path = Info.plist; sourceTree = "<group>"; };
		969354FD222F151000752858 /* ExploreMapViewController.swift */ = {isa = PBXFileReference; lastKnownFileType = sourcecode.swift; path = ExploreMapViewController.swift; sourceTree = "<group>"; };
		969354FF222F174500752858 /* WanderlistMapboxMap.swift */ = {isa = PBXFileReference; lastKnownFileType = sourcecode.swift; path = WanderlistMapboxMap.swift; sourceTree = "<group>"; };
		96935506222F17F400752858 /* Wanderspot.swift */ = {isa = PBXFileReference; lastKnownFileType = sourcecode.swift; path = Wanderspot.swift; sourceTree = "<group>"; };
		96935508222F1AFF00752858 /* secret.swift */ = {isa = PBXFileReference; lastKnownFileType = sourcecode.swift; path = secret.swift; sourceTree = "<group>"; };
		9693550B222F1B6B00752858 /* AuthService.swift */ = {isa = PBXFileReference; lastKnownFileType = sourcecode.swift; path = AuthService.swift; sourceTree = "<group>"; };
		9693550D222F1BC000752858 /* ArrayExt.swift */ = {isa = PBXFileReference; lastKnownFileType = sourcecode.swift; path = ArrayExt.swift; sourceTree = "<group>"; };
		96935513222F2B0E00752858 /* WanderlistCollectionViewCell.swift */ = {isa = PBXFileReference; fileEncoding = 4; lastKnownFileType = sourcecode.swift; path = WanderlistCollectionViewCell.swift; sourceTree = "<group>"; };
		96935514222F2B0E00752858 /* WanderlistCollectionViewCell.xib */ = {isa = PBXFileReference; fileEncoding = 4; lastKnownFileType = file.xib; path = WanderlistCollectionViewCell.xib; sourceTree = "<group>"; };
		96935517222F32A300752858 /* GoogleService-Info.plist */ = {isa = PBXFileReference; fileEncoding = 4; lastKnownFileType = text.plist.xml; path = "GoogleService-Info.plist"; sourceTree = "<group>"; };
		9695B3CC22384502005FC76F /* OpenSans-SemiboldItalic.ttf */ = {isa = PBXFileReference; lastKnownFileType = file; path = "OpenSans-SemiboldItalic.ttf"; sourceTree = "<group>"; };
		9695B3CD22384502005FC76F /* OpenSans-Light.ttf */ = {isa = PBXFileReference; lastKnownFileType = file; path = "OpenSans-Light.ttf"; sourceTree = "<group>"; };
		9695B3CE22384502005FC76F /* OpenSans-LightItalic.ttf */ = {isa = PBXFileReference; lastKnownFileType = file; path = "OpenSans-LightItalic.ttf"; sourceTree = "<group>"; };
		9695B3CF22384502005FC76F /* OpenSans-Italic.ttf */ = {isa = PBXFileReference; lastKnownFileType = file; path = "OpenSans-Italic.ttf"; sourceTree = "<group>"; };
		9695B3D022384503005FC76F /* OpenSans-Regular.ttf */ = {isa = PBXFileReference; lastKnownFileType = file; path = "OpenSans-Regular.ttf"; sourceTree = "<group>"; };
		9695B3D122384503005FC76F /* OpenSans-ExtraBoldItalic.ttf */ = {isa = PBXFileReference; lastKnownFileType = file; path = "OpenSans-ExtraBoldItalic.ttf"; sourceTree = "<group>"; };
		9695B3D222384503005FC76F /* OpenSans-Bold.ttf */ = {isa = PBXFileReference; lastKnownFileType = file; path = "OpenSans-Bold.ttf"; sourceTree = "<group>"; };
		9695B3D322384503005FC76F /* OpenSans-ExtraBold.ttf */ = {isa = PBXFileReference; lastKnownFileType = file; path = "OpenSans-ExtraBold.ttf"; sourceTree = "<group>"; };
		9695B3D422384503005FC76F /* OpenSans-Semibold.ttf */ = {isa = PBXFileReference; lastKnownFileType = file; path = "OpenSans-Semibold.ttf"; sourceTree = "<group>"; };
		9695B3D522384504005FC76F /* OpenSans-BoldItalic.ttf */ = {isa = PBXFileReference; lastKnownFileType = file; path = "OpenSans-BoldItalic.ttf"; sourceTree = "<group>"; };
		9695B3E122386F7A005FC76F /* SearchViewController.swift */ = {isa = PBXFileReference; lastKnownFileType = sourcecode.swift; path = SearchViewController.swift; sourceTree = "<group>"; };
		9695B3E322387427005FC76F /* Search.storyboard */ = {isa = PBXFileReference; fileEncoding = 4; lastKnownFileType = file.storyboard; path = Search.storyboard; sourceTree = "<group>"; };
		9695B3E522398ECC005FC76F /* UIView+Extensions.swift */ = {isa = PBXFileReference; lastKnownFileType = sourcecode.swift; path = "UIView+Extensions.swift"; sourceTree = "<group>"; };
		96B962DA223B04E60086B710 /* nyc_neighborhoods.geojson */ = {isa = PBXFileReference; lastKnownFileType = text; path = nyc_neighborhoods.geojson; sourceTree = "<group>"; };
		96F2F6CC223AC6BB0023BC53 /* Create.storyboard */ = {isa = PBXFileReference; fileEncoding = 4; lastKnownFileType = file.storyboard; path = Create.storyboard; sourceTree = "<group>"; };
		96F2F6CE223AC7160023BC53 /* CreateWanderlistViewController.swift */ = {isa = PBXFileReference; lastKnownFileType = sourcecode.swift; path = CreateWanderlistViewController.swift; sourceTree = "<group>"; };
		96F2F6D0223AD5180023BC53 /* UIButton+Extensions.swift */ = {isa = PBXFileReference; lastKnownFileType = sourcecode.swift; path = "UIButton+Extensions.swift"; sourceTree = "<group>"; };
		96F2F6D2223AD97B0023BC53 /* WanderspotAnnotation.swift */ = {isa = PBXFileReference; lastKnownFileType = sourcecode.swift; path = WanderspotAnnotation.swift; sourceTree = "<group>"; };
		96F2F6D4223AFD990023BC53 /* Directions.geojson */ = {isa = PBXFileReference; lastKnownFileType = text; path = Directions.geojson; sourceTree = "<group>"; };
		96F7A234223BFAD9000FF76E /* GeoMapbox.swift */ = {isa = PBXFileReference; lastKnownFileType = sourcecode.swift; path = GeoMapbox.swift; sourceTree = "<group>"; };
		96F7A236223C0307000FF76E /* EditWanderspotsViewController.swift */ = {isa = PBXFileReference; lastKnownFileType = sourcecode.swift; path = EditWanderspotsViewController.swift; sourceTree = "<group>"; };
		96F7A23C223C2771000FF76E /* Geocode.swift */ = {isa = PBXFileReference; lastKnownFileType = sourcecode.swift; path = Geocode.swift; sourceTree = "<group>"; };
		96F7A23E223C2B0D000FF76E /* NativeGeocoding.swift */ = {isa = PBXFileReference; lastKnownFileType = sourcecode.swift; path = NativeGeocoding.swift; sourceTree = "<group>"; };
		96F7A24A223C3651000FF76E /* Errors.swift */ = {isa = PBXFileReference; lastKnownFileType = sourcecode.swift; path = Errors.swift; sourceTree = "<group>"; };
		96F7A24E22403DD5000FF76E /* PlaceResultCollectionViewCell.swift */ = {isa = PBXFileReference; lastKnownFileType = sourcecode.swift; path = PlaceResultCollectionViewCell.swift; sourceTree = "<group>"; };
		96F7A24F22403DD5000FF76E /* PlaceResultCollectionViewCell.xib */ = {isa = PBXFileReference; lastKnownFileType = file.xib; path = PlaceResultCollectionViewCell.xib; sourceTree = "<group>"; };
		9767A4068246C767C6364A45 /* Pods-WanderlistTests.release.xcconfig */ = {isa = PBXFileReference; includeInIndex = 1; lastKnownFileType = text.xcconfig; name = "Pods-WanderlistTests.release.xcconfig"; path = "Target Support Files/Pods-WanderlistTests/Pods-WanderlistTests.release.xcconfig"; sourceTree = "<group>"; };
		A0446F8C4F214C716E8E3738 /* Pods_Wanderlist.framework */ = {isa = PBXFileReference; explicitFileType = wrapper.framework; includeInIndex = 0; path = Pods_Wanderlist.framework; sourceTree = BUILT_PRODUCTS_DIR; };
		DEF2E8B94E52D1CD6E2C054C /* Pods-Wanderlist.release.xcconfig */ = {isa = PBXFileReference; includeInIndex = 1; lastKnownFileType = text.xcconfig; name = "Pods-Wanderlist.release.xcconfig"; path = "Target Support Files/Pods-Wanderlist/Pods-Wanderlist.release.xcconfig"; sourceTree = "<group>"; };
/* End PBXFileReference section */

/* Begin PBXFrameworksBuildPhase section */
		969354D1222EF1B400752858 /* Frameworks */ = {
			isa = PBXFrameworksBuildPhase;
			buildActionMask = 2147483647;
			files = (
				C1CFEF6CCE3FD11A31979A6E /* Pods_Wanderlist.framework in Frameworks */,
			);
			runOnlyForDeploymentPostprocessing = 0;
		};
		969354E8222EF1B500752858 /* Frameworks */ = {
			isa = PBXFrameworksBuildPhase;
			buildActionMask = 2147483647;
			files = (
				7B8FF32AF21AA93E1F410E1C /* Pods_WanderlistTests.framework in Frameworks */,
			);
			runOnlyForDeploymentPostprocessing = 0;
		};
/* End PBXFrameworksBuildPhase section */

/* Begin PBXGroup section */
		968ED3212233302A005F6AE1 /* Storyboards */ = {
			isa = PBXGroup;
			children = (
				96F2F6CC223AC6BB0023BC53 /* Create.storyboard */,
				9695B3E322387427005FC76F /* Search.storyboard */,
				968ED31F22331902005F6AE1 /* Explore.storyboard */,
				969354DB222EF1B400752858 /* Main.storyboard */,
				969354E3222EF1B400752858 /* LaunchScreen.storyboard */,
			);
			path = Storyboards;
			sourceTree = "<group>";
		};
		968ED32C2236B286005F6AE1 /* Services */ = {
			isa = PBXGroup;
			children = (
				964BF9462236B99D003E77DC /* AlgoliaService.swift */,
				96F7A23C223C2771000FF76E /* Geocode.swift */,
				96F7A23E223C2B0D000FF76E /* NativeGeocoding.swift */,
				96F7A24A223C3651000FF76E /* Errors.swift */,
			);
			path = Services;
			sourceTree = "<group>";
		};
		969354CB222EF1B400752858 = {
			isa = PBXGroup;
			children = (
				969354D6222EF1B400752858 /* Wanderlist */,
				969354EE222EF1B500752858 /* WanderlistTests */,
				969354D5222EF1B400752858 /* Products */,
				C7407136BAB3BB7F1CBAA3DE /* Pods */,
				AA226DDD2DC226378A47DEFA /* Frameworks */,
			);
			sourceTree = "<group>";
		};
		969354D5222EF1B400752858 /* Products */ = {
			isa = PBXGroup;
			children = (
				969354D4222EF1B400752858 /* Wanderlist.app */,
				969354EB222EF1B500752858 /* WanderlistTests.xctest */,
			);
			name = Products;
			sourceTree = "<group>";
		};
		969354D6222EF1B400752858 /* Wanderlist */ = {
			isa = PBXGroup;
			children = (
				9695B3E022384520005FC76F /* Assets */,
				969354D7222EF1B400752858 /* AppDelegate.swift */,
				96935517222F32A300752858 /* GoogleService-Info.plist */,
				969354E6222EF1B400752858 /* Info.plist */,
				968ED3212233302A005F6AE1 /* Storyboards */,
				96935502222F176500752858 /* Controller */,
				96935501222F175600752858 /* View */,
				96935505222F17E300752858 /* Model */,
				9693550A222F1B4800752858 /* Helper */,
				968ED32C2236B286005F6AE1 /* Services */,
			);
			path = Wanderlist;
			sourceTree = "<group>";
		};
		969354EE222EF1B500752858 /* WanderlistTests */ = {
			isa = PBXGroup;
			children = (
				969354EF222EF1B500752858 /* WanderlistTests.swift */,
				969354F1222EF1B500752858 /* Info.plist */,
			);
			path = WanderlistTests;
			sourceTree = "<group>";
		};
		96935501222F175600752858 /* View */ = {
			isa = PBXGroup;
			children = (
				96F7A239223C059E000FF76E /* CollectionViews */,
				96F7A238223C0588000FF76E /* Mapbox Maps */,
				96F7A23A223C05B2000FF76E /* Extensions */,
				96F7A23B223C05BB000FF76E /* Annotations */,
			);
			path = View;
			sourceTree = "<group>";
		};
		96935502222F176500752858 /* Controller */ = {
			isa = PBXGroup;
			children = (
				969354FD222F151000752858 /* ExploreMapViewController.swift */,
				968ED322223347AA005F6AE1 /* WanderlistPreviewViewController.swift */,
				9695B3E122386F7A005FC76F /* SearchViewController.swift */,
				96F2F6CE223AC7160023BC53 /* CreateWanderlistViewController.swift */,
				96F7A236223C0307000FF76E /* EditWanderspotsViewController.swift */,
			);
			path = Controller;
			sourceTree = "<group>";
		};
		96935505222F17E300752858 /* Model */ = {
			isa = PBXGroup;
			children = (
				969354DE222EF1B400752858 /* Wanderlist.xcdatamodeld */,
				968ED31C22330220005F6AE1 /* User.swift */,
				964BF9482236C3A0003E77DC /* Wanderlist.swift */,
				96935506222F17F400752858 /* Wanderspot.swift */,
			);
			path = Model;
			sourceTree = "<group>";
		};
		9693550A222F1B4800752858 /* Helper */ = {
			isa = PBXGroup;
			children = (
				96935508222F1AFF00752858 /* secret.swift */,
				9693550B222F1B6B00752858 /* AuthService.swift */,
				9693550D222F1BC000752858 /* ArrayExt.swift */,
				96F7A234223BFAD9000FF76E /* GeoMapbox.swift */,
			);
			path = Helper;
			sourceTree = "<group>";
		};
		9695B3E022384520005FC76F /* Assets */ = {
			isa = PBXGroup;
			children = (
				9695B3D222384503005FC76F /* OpenSans-Bold.ttf */,
				9695B3D522384504005FC76F /* OpenSans-BoldItalic.ttf */,
				9695B3D322384503005FC76F /* OpenSans-ExtraBold.ttf */,
				9695B3D122384503005FC76F /* OpenSans-ExtraBoldItalic.ttf */,
				9695B3CF22384502005FC76F /* OpenSans-Italic.ttf */,
				9695B3CD22384502005FC76F /* OpenSans-Light.ttf */,
				9695B3CE22384502005FC76F /* OpenSans-LightItalic.ttf */,
				9695B3D022384503005FC76F /* OpenSans-Regular.ttf */,
				9695B3D422384503005FC76F /* OpenSans-Semibold.ttf */,
				9695B3CC22384502005FC76F /* OpenSans-SemiboldItalic.ttf */,
				969354E1222EF1B400752858 /* Assets.xcassets */,
				96F2F6D4223AFD990023BC53 /* Directions.geojson */,
				96B962DA223B04E60086B710 /* nyc_neighborhoods.geojson */,
			);
			path = Assets;
			sourceTree = "<group>";
		};
		96F7A238223C0588000FF76E /* Mapbox Maps */ = {
			isa = PBXGroup;
			children = (
				968ED32422334C14005F6AE1 /* WanderlistDetailMapboxMap.swift */,
				969354FF222F174500752858 /* WanderlistMapboxMap.swift */,
			);
			path = "Mapbox Maps";
			sourceTree = "<group>";
		};
		96F7A239223C059E000FF76E /* CollectionViews */ = {
			isa = PBXGroup;
			children = (
				968ED32622334C96005F6AE1 /* WanderspotCollectionViewCell.swift */,
				968ED32722334C96005F6AE1 /* WanderspotCollectionViewCell.xib */,
				96935513222F2B0E00752858 /* WanderlistCollectionViewCell.swift */,
				96935514222F2B0E00752858 /* WanderlistCollectionViewCell.xib */,
				96F7A24E22403DD5000FF76E /* PlaceResultCollectionViewCell.swift */,
				96F7A24F22403DD5000FF76E /* PlaceResultCollectionViewCell.xib */,
			);
			path = CollectionViews;
			sourceTree = "<group>";
		};
		96F7A23A223C05B2000FF76E /* Extensions */ = {
			isa = PBXGroup;
			children = (
				9695B3E522398ECC005FC76F /* UIView+Extensions.swift */,
				96F2F6D0223AD5180023BC53 /* UIButton+Extensions.swift */,
			);
			path = Extensions;
			sourceTree = "<group>";
		};
		96F7A23B223C05BB000FF76E /* Annotations */ = {
			isa = PBXGroup;
			children = (
				96F2F6D2223AD97B0023BC53 /* WanderspotAnnotation.swift */,
			);
			path = Annotations;
			sourceTree = "<group>";
		};
		AA226DDD2DC226378A47DEFA /* Frameworks */ = {
			isa = PBXGroup;
			children = (
				A0446F8C4F214C716E8E3738 /* Pods_Wanderlist.framework */,
				4DD87FABFE7F9809E2933975 /* Pods_WanderlistTests.framework */,
			);
			name = Frameworks;
			sourceTree = "<group>";
		};
		C7407136BAB3BB7F1CBAA3DE /* Pods */ = {
			isa = PBXGroup;
			children = (
				63A2F5A35146DD408797D780 /* Pods-Wanderlist.debug.xcconfig */,
				DEF2E8B94E52D1CD6E2C054C /* Pods-Wanderlist.release.xcconfig */,
				3E70BCECD9E39F27C8C2F34F /* Pods-WanderlistTests.debug.xcconfig */,
				9767A4068246C767C6364A45 /* Pods-WanderlistTests.release.xcconfig */,
			);
			path = Pods;
			sourceTree = "<group>";
		};
/* End PBXGroup section */

/* Begin PBXNativeTarget section */
		969354D3222EF1B400752858 /* Wanderlist */ = {
			isa = PBXNativeTarget;
			buildConfigurationList = 969354F4222EF1B500752858 /* Build configuration list for PBXNativeTarget "Wanderlist" */;
			buildPhases = (
				9CB3C05954822F3F31C5F085 /* [CP] Check Pods Manifest.lock */,
				969354D0222EF1B400752858 /* Sources */,
				969354D1222EF1B400752858 /* Frameworks */,
				969354D2222EF1B400752858 /* Resources */,
				0AF393C5B7A3706CFA873943 /* [CP] Embed Pods Frameworks */,
			);
			buildRules = (
			);
			dependencies = (
			);
			name = Wanderlist;
			productName = Wanderlist;
			productReference = 969354D4222EF1B400752858 /* Wanderlist.app */;
			productType = "com.apple.product-type.application";
		};
		969354EA222EF1B500752858 /* WanderlistTests */ = {
			isa = PBXNativeTarget;
			buildConfigurationList = 969354F7222EF1B500752858 /* Build configuration list for PBXNativeTarget "WanderlistTests" */;
			buildPhases = (
				4167E604150648DE4873A03B /* [CP] Check Pods Manifest.lock */,
				969354E7222EF1B500752858 /* Sources */,
				969354E8222EF1B500752858 /* Frameworks */,
				969354E9222EF1B500752858 /* Resources */,
			);
			buildRules = (
			);
			dependencies = (
				969354ED222EF1B500752858 /* PBXTargetDependency */,
			);
			name = WanderlistTests;
			productName = WanderlistTests;
			productReference = 969354EB222EF1B500752858 /* WanderlistTests.xctest */;
			productType = "com.apple.product-type.bundle.unit-test";
		};
/* End PBXNativeTarget section */

/* Begin PBXProject section */
		969354CC222EF1B400752858 /* Project object */ = {
			isa = PBXProject;
			attributes = {
				LastSwiftUpdateCheck = 1010;
				LastUpgradeCheck = 1010;
				ORGANIZATIONNAME = "Lauren Nicole Roth";
				TargetAttributes = {
					969354D3222EF1B400752858 = {
						CreatedOnToolsVersion = 10.1;
					};
					969354EA222EF1B500752858 = {
						CreatedOnToolsVersion = 10.1;
						TestTargetID = 969354D3222EF1B400752858;
					};
				};
			};
			buildConfigurationList = 969354CF222EF1B400752858 /* Build configuration list for PBXProject "Wanderlist" */;
			compatibilityVersion = "Xcode 9.3";
			developmentRegion = en;
			hasScannedForEncodings = 0;
			knownRegions = (
				en,
				Base,
			);
			mainGroup = 969354CB222EF1B400752858;
			productRefGroup = 969354D5222EF1B400752858 /* Products */;
			projectDirPath = "";
			projectRoot = "";
			targets = (
				969354D3222EF1B400752858 /* Wanderlist */,
				969354EA222EF1B500752858 /* WanderlistTests */,
			);
		};
/* End PBXProject section */

/* Begin PBXResourcesBuildPhase section */
		969354D2222EF1B400752858 /* Resources */ = {
			isa = PBXResourcesBuildPhase;
			buildActionMask = 2147483647;
			files = (
				9695B3D622384504005FC76F /* OpenSans-SemiboldItalic.ttf in Resources */,
				9695B3D922384504005FC76F /* OpenSans-Italic.ttf in Resources */,
				969354E5222EF1B400752858 /* LaunchScreen.storyboard in Resources */,
				968ED32922334C96005F6AE1 /* WanderspotCollectionViewCell.xib in Resources */,
				96F2F6CD223AC6BB0023BC53 /* Create.storyboard in Resources */,
				9695B3E422387427005FC76F /* Search.storyboard in Resources */,
				9695B3DE22384504005FC76F /* OpenSans-Semibold.ttf in Resources */,
				969354E2222EF1B400752858 /* Assets.xcassets in Resources */,
				9695B3D822384504005FC76F /* OpenSans-LightItalic.ttf in Resources */,
				9695B3DF22384504005FC76F /* OpenSans-BoldItalic.ttf in Resources */,
				96935518222F32A300752858 /* GoogleService-Info.plist in Resources */,
				96935516222F2B0E00752858 /* WanderlistCollectionViewCell.xib in Resources */,
				9695B3DC22384504005FC76F /* OpenSans-Bold.ttf in Resources */,
				9695B3D722384504005FC76F /* OpenSans-Light.ttf in Resources */,
				9695B3DB22384504005FC76F /* OpenSans-ExtraBoldItalic.ttf in Resources */,
				96F7A25122403DD5000FF76E /* PlaceResultCollectionViewCell.xib in Resources */,
				968ED32022331902005F6AE1 /* Explore.storyboard in Resources */,
				9695B3DA22384504005FC76F /* OpenSans-Regular.ttf in Resources */,
				969354DD222EF1B400752858 /* Main.storyboard in Resources */,
				9695B3DD22384504005FC76F /* OpenSans-ExtraBold.ttf in Resources */,
			);
			runOnlyForDeploymentPostprocessing = 0;
		};
		969354E9222EF1B500752858 /* Resources */ = {
			isa = PBXResourcesBuildPhase;
			buildActionMask = 2147483647;
			files = (
			);
			runOnlyForDeploymentPostprocessing = 0;
		};
/* End PBXResourcesBuildPhase section */

/* Begin PBXShellScriptBuildPhase section */
		0AF393C5B7A3706CFA873943 /* [CP] Embed Pods Frameworks */ = {
			isa = PBXShellScriptBuildPhase;
			buildActionMask = 2147483647;
			files = (
			);
			inputFileListPaths = (
			);
			inputPaths = (
				"${PODS_ROOT}/Target Support Files/Pods-Wanderlist/Pods-Wanderlist-frameworks.sh",
				"${BUILT_PRODUCTS_DIR}/BoringSSL-GRPC/openssl_grpc.framework",
				"${BUILT_PRODUCTS_DIR}/GEOSwift/GEOSwift.framework",
				"${BUILT_PRODUCTS_DIR}/GTMSessionFetcher/GTMSessionFetcher.framework",
				"${BUILT_PRODUCTS_DIR}/GoogleUtilities/GoogleUtilities.framework",
				"${BUILT_PRODUCTS_DIR}/InstantSearch/InstantSearch.framework",
				"${BUILT_PRODUCTS_DIR}/InstantSearchClient/InstantSearchClient.framework",
				"${BUILT_PRODUCTS_DIR}/InstantSearchCore/InstantSearchCore.framework",
				"${BUILT_PRODUCTS_DIR}/Kingfisher/Kingfisher.framework",
				"${BUILT_PRODUCTS_DIR}/MMBannerLayout/MMBannerLayout.framework",
				"${PODS_ROOT}/Mapbox-iOS-SDK/dynamic/Mapbox.framework",
				"${PODS_ROOT}/Mapbox-iOS-SDK/dynamic/Mapbox.framework.dSYM",
				"${BUILT_PRODUCTS_DIR}/MapboxCoreNavigation/MapboxCoreNavigation.framework",
				"${BUILT_PRODUCTS_DIR}/MapboxDirections.swift/MapboxDirections.framework",
				"${BUILT_PRODUCTS_DIR}/MapboxGeocoder.swift/MapboxGeocoder.framework",
				"${BUILT_PRODUCTS_DIR}/MapboxMobileEvents/MapboxMobileEvents.framework",
				"${BUILT_PRODUCTS_DIR}/MapboxNavigation/MapboxNavigation.framework",
				"${PODS_ROOT}/MapboxNavigationNative/MapboxNavigationNative.framework",
				"${PODS_ROOT}/MapboxNavigationNative/MapboxNavigationNative.framework.dSYM",
				"${BUILT_PRODUCTS_DIR}/MapboxSpeech/MapboxSpeech.framework",
				"${BUILT_PRODUCTS_DIR}/Material/Material.framework",
				"${BUILT_PRODUCTS_DIR}/Motion/Motion.framework",
				"${BUILT_PRODUCTS_DIR}/Polyline/Polyline.framework",
				"${BUILT_PRODUCTS_DIR}/Protobuf/Protobuf.framework",
				"${BUILT_PRODUCTS_DIR}/Solar/Solar.framework",
				"${BUILT_PRODUCTS_DIR}/SwiftLocation/SwiftLocation.framework",
				"${BUILT_PRODUCTS_DIR}/SwiftyJSON/SwiftyJSON.framework",
				"${BUILT_PRODUCTS_DIR}/Turf/Turf.framework",
				"${BUILT_PRODUCTS_DIR}/gRPC-C++/grpcpp.framework",
				"${BUILT_PRODUCTS_DIR}/gRPC-Core/grpc.framework",
				"${BUILT_PRODUCTS_DIR}/geos/geos.framework",
				"${BUILT_PRODUCTS_DIR}/leveldb-library/leveldb.framework",
				"${BUILT_PRODUCTS_DIR}/nanopb/nanopb.framework",
			);
			name = "[CP] Embed Pods Frameworks";
			outputFileListPaths = (
			);
			outputPaths = (
				"${TARGET_BUILD_DIR}/${FRAMEWORKS_FOLDER_PATH}/openssl_grpc.framework",
				"${TARGET_BUILD_DIR}/${FRAMEWORKS_FOLDER_PATH}/GEOSwift.framework",
				"${TARGET_BUILD_DIR}/${FRAMEWORKS_FOLDER_PATH}/GTMSessionFetcher.framework",
				"${TARGET_BUILD_DIR}/${FRAMEWORKS_FOLDER_PATH}/GoogleUtilities.framework",
				"${TARGET_BUILD_DIR}/${FRAMEWORKS_FOLDER_PATH}/InstantSearch.framework",
				"${TARGET_BUILD_DIR}/${FRAMEWORKS_FOLDER_PATH}/InstantSearchClient.framework",
				"${TARGET_BUILD_DIR}/${FRAMEWORKS_FOLDER_PATH}/InstantSearchCore.framework",
				"${TARGET_BUILD_DIR}/${FRAMEWORKS_FOLDER_PATH}/Kingfisher.framework",
				"${TARGET_BUILD_DIR}/${FRAMEWORKS_FOLDER_PATH}/MMBannerLayout.framework",
				"${TARGET_BUILD_DIR}/${FRAMEWORKS_FOLDER_PATH}/Mapbox.framework",
				"${DWARF_DSYM_FOLDER_PATH}/Mapbox.framework.dSYM",
				"${TARGET_BUILD_DIR}/${FRAMEWORKS_FOLDER_PATH}/MapboxCoreNavigation.framework",
				"${TARGET_BUILD_DIR}/${FRAMEWORKS_FOLDER_PATH}/MapboxDirections.framework",
				"${TARGET_BUILD_DIR}/${FRAMEWORKS_FOLDER_PATH}/MapboxGeocoder.framework",
				"${TARGET_BUILD_DIR}/${FRAMEWORKS_FOLDER_PATH}/MapboxMobileEvents.framework",
				"${TARGET_BUILD_DIR}/${FRAMEWORKS_FOLDER_PATH}/MapboxNavigation.framework",
				"${TARGET_BUILD_DIR}/${FRAMEWORKS_FOLDER_PATH}/MapboxNavigationNative.framework",
				"${DWARF_DSYM_FOLDER_PATH}/MapboxNavigationNative.framework.dSYM",
				"${TARGET_BUILD_DIR}/${FRAMEWORKS_FOLDER_PATH}/MapboxSpeech.framework",
				"${TARGET_BUILD_DIR}/${FRAMEWORKS_FOLDER_PATH}/Material.framework",
				"${TARGET_BUILD_DIR}/${FRAMEWORKS_FOLDER_PATH}/Motion.framework",
				"${TARGET_BUILD_DIR}/${FRAMEWORKS_FOLDER_PATH}/Polyline.framework",
				"${TARGET_BUILD_DIR}/${FRAMEWORKS_FOLDER_PATH}/Protobuf.framework",
				"${TARGET_BUILD_DIR}/${FRAMEWORKS_FOLDER_PATH}/Solar.framework",
				"${TARGET_BUILD_DIR}/${FRAMEWORKS_FOLDER_PATH}/SwiftLocation.framework",
				"${TARGET_BUILD_DIR}/${FRAMEWORKS_FOLDER_PATH}/SwiftyJSON.framework",
				"${TARGET_BUILD_DIR}/${FRAMEWORKS_FOLDER_PATH}/Turf.framework",
				"${TARGET_BUILD_DIR}/${FRAMEWORKS_FOLDER_PATH}/grpcpp.framework",
				"${TARGET_BUILD_DIR}/${FRAMEWORKS_FOLDER_PATH}/grpc.framework",
				"${TARGET_BUILD_DIR}/${FRAMEWORKS_FOLDER_PATH}/geos.framework",
				"${TARGET_BUILD_DIR}/${FRAMEWORKS_FOLDER_PATH}/leveldb.framework",
				"${TARGET_BUILD_DIR}/${FRAMEWORKS_FOLDER_PATH}/nanopb.framework",
			);
			runOnlyForDeploymentPostprocessing = 0;
			shellPath = /bin/sh;
			shellScript = "\"${PODS_ROOT}/Target Support Files/Pods-Wanderlist/Pods-Wanderlist-frameworks.sh\"\n";
			showEnvVarsInLog = 0;
		};
		4167E604150648DE4873A03B /* [CP] Check Pods Manifest.lock */ = {
			isa = PBXShellScriptBuildPhase;
			buildActionMask = 2147483647;
			files = (
			);
			inputFileListPaths = (
			);
			inputPaths = (
				"${PODS_PODFILE_DIR_PATH}/Podfile.lock",
				"${PODS_ROOT}/Manifest.lock",
			);
			name = "[CP] Check Pods Manifest.lock";
			outputFileListPaths = (
			);
			outputPaths = (
				"$(DERIVED_FILE_DIR)/Pods-WanderlistTests-checkManifestLockResult.txt",
			);
			runOnlyForDeploymentPostprocessing = 0;
			shellPath = /bin/sh;
			shellScript = "diff \"${PODS_PODFILE_DIR_PATH}/Podfile.lock\" \"${PODS_ROOT}/Manifest.lock\" > /dev/null\nif [ $? != 0 ] ; then\n    # print error to STDERR\n    echo \"error: The sandbox is not in sync with the Podfile.lock. Run 'pod install' or update your CocoaPods installation.\" >&2\n    exit 1\nfi\n# This output is used by Xcode 'outputs' to avoid re-running this script phase.\necho \"SUCCESS\" > \"${SCRIPT_OUTPUT_FILE_0}\"\n";
			showEnvVarsInLog = 0;
		};
		9CB3C05954822F3F31C5F085 /* [CP] Check Pods Manifest.lock */ = {
			isa = PBXShellScriptBuildPhase;
			buildActionMask = 2147483647;
			files = (
			);
			inputFileListPaths = (
			);
			inputPaths = (
				"${PODS_PODFILE_DIR_PATH}/Podfile.lock",
				"${PODS_ROOT}/Manifest.lock",
			);
			name = "[CP] Check Pods Manifest.lock";
			outputFileListPaths = (
			);
			outputPaths = (
				"$(DERIVED_FILE_DIR)/Pods-Wanderlist-checkManifestLockResult.txt",
			);
			runOnlyForDeploymentPostprocessing = 0;
			shellPath = /bin/sh;
			shellScript = "diff \"${PODS_PODFILE_DIR_PATH}/Podfile.lock\" \"${PODS_ROOT}/Manifest.lock\" > /dev/null\nif [ $? != 0 ] ; then\n    # print error to STDERR\n    echo \"error: The sandbox is not in sync with the Podfile.lock. Run 'pod install' or update your CocoaPods installation.\" >&2\n    exit 1\nfi\n# This output is used by Xcode 'outputs' to avoid re-running this script phase.\necho \"SUCCESS\" > \"${SCRIPT_OUTPUT_FILE_0}\"\n";
			showEnvVarsInLog = 0;
		};
/* End PBXShellScriptBuildPhase section */

/* Begin PBXSourcesBuildPhase section */
		969354D0222EF1B400752858 /* Sources */ = {
			isa = PBXSourcesBuildPhase;
			buildActionMask = 2147483647;
			files = (
				96F2F6D1223AD5180023BC53 /* UIButton+Extensions.swift in Sources */,
				969354FE222F151000752858 /* ExploreMapViewController.swift in Sources */,
				96935515222F2B0E00752858 /* WanderlistCollectionViewCell.swift in Sources */,
				96F7A237223C0307000FF76E /* EditWanderspotsViewController.swift in Sources */,
				96F2F6D3223AD97B0023BC53 /* WanderspotAnnotation.swift in Sources */,
				96F7A23D223C2771000FF76E /* Geocode.swift in Sources */,
				968ED323223347AA005F6AE1 /* WanderlistPreviewViewController.swift in Sources */,
				96F7A25022403DD5000FF76E /* PlaceResultCollectionViewCell.swift in Sources */,
				968ED32522334C15005F6AE1 /* WanderlistDetailMapboxMap.swift in Sources */,
				969354E0222EF1B400752858 /* Wanderlist.xcdatamodeld in Sources */,
				9693550E222F1BC000752858 /* ArrayExt.swift in Sources */,
				9695B3E622398ECC005FC76F /* UIView+Extensions.swift in Sources */,
				96935509222F1AFF00752858 /* secret.swift in Sources */,
				96935507222F17F400752858 /* Wanderspot.swift in Sources */,
				96F7A235223BFAD9000FF76E /* GeoMapbox.swift in Sources */,
				96F7A23F223C2B0D000FF76E /* NativeGeocoding.swift in Sources */,
				96935500222F174500752858 /* WanderlistMapboxMap.swift in Sources */,
				96F7A24B223C3651000FF76E /* Errors.swift in Sources */,
				969354D8222EF1B400752858 /* AppDelegate.swift in Sources */,
				9695B3E222386F7A005FC76F /* SearchViewController.swift in Sources */,
				968ED32822334C96005F6AE1 /* WanderspotCollectionViewCell.swift in Sources */,
				964BF9472236B99D003E77DC /* AlgoliaService.swift in Sources */,
				9693550C222F1B6B00752858 /* AuthService.swift in Sources */,
				96F2F6CF223AC7160023BC53 /* CreateWanderlistViewController.swift in Sources */,
				968ED31D22330220005F6AE1 /* User.swift in Sources */,
				964BF9492236C3A0003E77DC /* Wanderlist.swift in Sources */,
			);
			runOnlyForDeploymentPostprocessing = 0;
		};
		969354E7222EF1B500752858 /* Sources */ = {
			isa = PBXSourcesBuildPhase;
			buildActionMask = 2147483647;
			files = (
				969354F0222EF1B500752858 /* WanderlistTests.swift in Sources */,
			);
			runOnlyForDeploymentPostprocessing = 0;
		};
/* End PBXSourcesBuildPhase section */

/* Begin PBXTargetDependency section */
		969354ED222EF1B500752858 /* PBXTargetDependency */ = {
			isa = PBXTargetDependency;
			target = 969354D3222EF1B400752858 /* Wanderlist */;
			targetProxy = 969354EC222EF1B500752858 /* PBXContainerItemProxy */;
		};
/* End PBXTargetDependency section */

/* Begin PBXVariantGroup section */
		969354DB222EF1B400752858 /* Main.storyboard */ = {
			isa = PBXVariantGroup;
			children = (
				969354DC222EF1B400752858 /* Base */,
			);
			name = Main.storyboard;
			sourceTree = "<group>";
		};
		969354E3222EF1B400752858 /* LaunchScreen.storyboard */ = {
			isa = PBXVariantGroup;
			children = (
				969354E4222EF1B400752858 /* Base */,
			);
			name = LaunchScreen.storyboard;
			sourceTree = "<group>";
		};
/* End PBXVariantGroup section */

/* Begin XCBuildConfiguration section */
		969354F2222EF1B500752858 /* Debug */ = {
			isa = XCBuildConfiguration;
			buildSettings = {
				ALWAYS_SEARCH_USER_PATHS = NO;
				CLANG_ANALYZER_NONNULL = YES;
				CLANG_ANALYZER_NUMBER_OBJECT_CONVERSION = YES_AGGRESSIVE;
				CLANG_CXX_LANGUAGE_STANDARD = "gnu++14";
				CLANG_CXX_LIBRARY = "libc++";
				CLANG_ENABLE_MODULES = YES;
				CLANG_ENABLE_OBJC_ARC = YES;
				CLANG_ENABLE_OBJC_WEAK = YES;
				CLANG_WARN_BLOCK_CAPTURE_AUTORELEASING = YES;
				CLANG_WARN_BOOL_CONVERSION = YES;
				CLANG_WARN_COMMA = YES;
				CLANG_WARN_CONSTANT_CONVERSION = YES;
				CLANG_WARN_DEPRECATED_OBJC_IMPLEMENTATIONS = YES;
				CLANG_WARN_DIRECT_OBJC_ISA_USAGE = YES_ERROR;
				CLANG_WARN_DOCUMENTATION_COMMENTS = YES;
				CLANG_WARN_EMPTY_BODY = YES;
				CLANG_WARN_ENUM_CONVERSION = YES;
				CLANG_WARN_INFINITE_RECURSION = YES;
				CLANG_WARN_INT_CONVERSION = YES;
				CLANG_WARN_NON_LITERAL_NULL_CONVERSION = YES;
				CLANG_WARN_OBJC_IMPLICIT_RETAIN_SELF = YES;
				CLANG_WARN_OBJC_LITERAL_CONVERSION = YES;
				CLANG_WARN_OBJC_ROOT_CLASS = YES_ERROR;
				CLANG_WARN_RANGE_LOOP_ANALYSIS = YES;
				CLANG_WARN_STRICT_PROTOTYPES = YES;
				CLANG_WARN_SUSPICIOUS_MOVE = YES;
				CLANG_WARN_UNGUARDED_AVAILABILITY = YES_AGGRESSIVE;
				CLANG_WARN_UNREACHABLE_CODE = YES;
				CLANG_WARN__DUPLICATE_METHOD_MATCH = YES;
				CODE_SIGN_IDENTITY = "iPhone Developer";
				COPY_PHASE_STRIP = NO;
				DEBUG_INFORMATION_FORMAT = dwarf;
				ENABLE_STRICT_OBJC_MSGSEND = YES;
				ENABLE_TESTABILITY = YES;
				GCC_C_LANGUAGE_STANDARD = gnu11;
				GCC_DYNAMIC_NO_PIC = NO;
				GCC_NO_COMMON_BLOCKS = YES;
				GCC_OPTIMIZATION_LEVEL = 0;
				GCC_PREPROCESSOR_DEFINITIONS = (
					"DEBUG=1",
					"$(inherited)",
				);
				GCC_WARN_64_TO_32_BIT_CONVERSION = YES;
				GCC_WARN_ABOUT_RETURN_TYPE = YES_ERROR;
				GCC_WARN_UNDECLARED_SELECTOR = YES;
				GCC_WARN_UNINITIALIZED_AUTOS = YES_AGGRESSIVE;
				GCC_WARN_UNUSED_FUNCTION = YES;
				GCC_WARN_UNUSED_VARIABLE = YES;
				IPHONEOS_DEPLOYMENT_TARGET = 12.1;
				MTL_ENABLE_DEBUG_INFO = INCLUDE_SOURCE;
				MTL_FAST_MATH = YES;
				ONLY_ACTIVE_ARCH = YES;
				SDKROOT = iphoneos;
				SWIFT_ACTIVE_COMPILATION_CONDITIONS = DEBUG;
				SWIFT_OPTIMIZATION_LEVEL = "-Onone";
			};
			name = Debug;
		};
		969354F3222EF1B500752858 /* Release */ = {
			isa = XCBuildConfiguration;
			buildSettings = {
				ALWAYS_SEARCH_USER_PATHS = NO;
				CLANG_ANALYZER_NONNULL = YES;
				CLANG_ANALYZER_NUMBER_OBJECT_CONVERSION = YES_AGGRESSIVE;
				CLANG_CXX_LANGUAGE_STANDARD = "gnu++14";
				CLANG_CXX_LIBRARY = "libc++";
				CLANG_ENABLE_MODULES = YES;
				CLANG_ENABLE_OBJC_ARC = YES;
				CLANG_ENABLE_OBJC_WEAK = YES;
				CLANG_WARN_BLOCK_CAPTURE_AUTORELEASING = YES;
				CLANG_WARN_BOOL_CONVERSION = YES;
				CLANG_WARN_COMMA = YES;
				CLANG_WARN_CONSTANT_CONVERSION = YES;
				CLANG_WARN_DEPRECATED_OBJC_IMPLEMENTATIONS = YES;
				CLANG_WARN_DIRECT_OBJC_ISA_USAGE = YES_ERROR;
				CLANG_WARN_DOCUMENTATION_COMMENTS = YES;
				CLANG_WARN_EMPTY_BODY = YES;
				CLANG_WARN_ENUM_CONVERSION = YES;
				CLANG_WARN_INFINITE_RECURSION = YES;
				CLANG_WARN_INT_CONVERSION = YES;
				CLANG_WARN_NON_LITERAL_NULL_CONVERSION = YES;
				CLANG_WARN_OBJC_IMPLICIT_RETAIN_SELF = YES;
				CLANG_WARN_OBJC_LITERAL_CONVERSION = YES;
				CLANG_WARN_OBJC_ROOT_CLASS = YES_ERROR;
				CLANG_WARN_RANGE_LOOP_ANALYSIS = YES;
				CLANG_WARN_STRICT_PROTOTYPES = YES;
				CLANG_WARN_SUSPICIOUS_MOVE = YES;
				CLANG_WARN_UNGUARDED_AVAILABILITY = YES_AGGRESSIVE;
				CLANG_WARN_UNREACHABLE_CODE = YES;
				CLANG_WARN__DUPLICATE_METHOD_MATCH = YES;
				CODE_SIGN_IDENTITY = "iPhone Developer";
				COPY_PHASE_STRIP = NO;
				DEBUG_INFORMATION_FORMAT = "dwarf-with-dsym";
				ENABLE_NS_ASSERTIONS = NO;
				ENABLE_STRICT_OBJC_MSGSEND = YES;
				GCC_C_LANGUAGE_STANDARD = gnu11;
				GCC_NO_COMMON_BLOCKS = YES;
				GCC_WARN_64_TO_32_BIT_CONVERSION = YES;
				GCC_WARN_ABOUT_RETURN_TYPE = YES_ERROR;
				GCC_WARN_UNDECLARED_SELECTOR = YES;
				GCC_WARN_UNINITIALIZED_AUTOS = YES_AGGRESSIVE;
				GCC_WARN_UNUSED_FUNCTION = YES;
				GCC_WARN_UNUSED_VARIABLE = YES;
				IPHONEOS_DEPLOYMENT_TARGET = 12.1;
				MTL_ENABLE_DEBUG_INFO = NO;
				MTL_FAST_MATH = YES;
				SDKROOT = iphoneos;
				SWIFT_COMPILATION_MODE = wholemodule;
				SWIFT_OPTIMIZATION_LEVEL = "-O";
				VALIDATE_PRODUCT = YES;
			};
			name = Release;
		};
		969354F5222EF1B500752858 /* Debug */ = {
			isa = XCBuildConfiguration;
			baseConfigurationReference = 63A2F5A35146DD408797D780 /* Pods-Wanderlist.debug.xcconfig */;
			buildSettings = {
				ASSETCATALOG_COMPILER_APPICON_NAME = AppIcon;
				CODE_SIGN_STYLE = Automatic;
				DEVELOPMENT_TEAM = K8HU92W3ZM;
				INFOPLIST_FILE = Wanderlist/Info.plist;
				LD_RUNPATH_SEARCH_PATHS = (
					"$(inherited)",
					"@executable_path/Frameworks",
				);
				PRODUCT_BUNDLE_IDENTIFIER = com.laurennicoleroth.Wanderly;
				PRODUCT_NAME = "$(TARGET_NAME)";
				SWIFT_VERSION = 4.2;
				TARGETED_DEVICE_FAMILY = "1,2";
			};
			name = Debug;
		};
		969354F6222EF1B500752858 /* Release */ = {
			isa = XCBuildConfiguration;
			baseConfigurationReference = DEF2E8B94E52D1CD6E2C054C /* Pods-Wanderlist.release.xcconfig */;
			buildSettings = {
				ASSETCATALOG_COMPILER_APPICON_NAME = AppIcon;
				CODE_SIGN_STYLE = Automatic;
				DEVELOPMENT_TEAM = K8HU92W3ZM;
				INFOPLIST_FILE = Wanderlist/Info.plist;
				LD_RUNPATH_SEARCH_PATHS = (
					"$(inherited)",
					"@executable_path/Frameworks",
				);
				PRODUCT_BUNDLE_IDENTIFIER = com.laurennicoleroth.Wanderly;
				PRODUCT_NAME = "$(TARGET_NAME)";
				SWIFT_VERSION = 4.2;
				TARGETED_DEVICE_FAMILY = "1,2";
			};
			name = Release;
		};
		969354F8222EF1B500752858 /* Debug */ = {
			isa = XCBuildConfiguration;
			baseConfigurationReference = 3E70BCECD9E39F27C8C2F34F /* Pods-WanderlistTests.debug.xcconfig */;
			buildSettings = {
				ALWAYS_EMBED_SWIFT_STANDARD_LIBRARIES = YES;
				BUNDLE_LOADER = "$(TEST_HOST)";
				CODE_SIGN_STYLE = Automatic;
				DEVELOPMENT_TEAM = K8HU92W3ZM;
				INFOPLIST_FILE = WanderlistTests/Info.plist;
				LD_RUNPATH_SEARCH_PATHS = (
					"$(inherited)",
					"@executable_path/Frameworks",
					"@loader_path/Frameworks",
				);
				PRODUCT_BUNDLE_IDENTIFIER = com.laurennicoleroth.WanderlistTests;
				PRODUCT_NAME = "$(TARGET_NAME)";
				SWIFT_VERSION = 4.2;
				TARGETED_DEVICE_FAMILY = "1,2";
				TEST_HOST = "$(BUILT_PRODUCTS_DIR)/Wanderlist.app/Wanderlist";
			};
			name = Debug;
		};
		969354F9222EF1B500752858 /* Release */ = {
			isa = XCBuildConfiguration;
			baseConfigurationReference = 9767A4068246C767C6364A45 /* Pods-WanderlistTests.release.xcconfig */;
			buildSettings = {
				ALWAYS_EMBED_SWIFT_STANDARD_LIBRARIES = YES;
				BUNDLE_LOADER = "$(TEST_HOST)";
				CODE_SIGN_STYLE = Automatic;
				DEVELOPMENT_TEAM = K8HU92W3ZM;
				INFOPLIST_FILE = WanderlistTests/Info.plist;
				LD_RUNPATH_SEARCH_PATHS = (
					"$(inherited)",
					"@executable_path/Frameworks",
					"@loader_path/Frameworks",
				);
				PRODUCT_BUNDLE_IDENTIFIER = com.laurennicoleroth.WanderlistTests;
				PRODUCT_NAME = "$(TARGET_NAME)";
				SWIFT_VERSION = 4.2;
				TARGETED_DEVICE_FAMILY = "1,2";
				TEST_HOST = "$(BUILT_PRODUCTS_DIR)/Wanderlist.app/Wanderlist";
			};
			name = Release;
		};
/* End XCBuildConfiguration section */

/* Begin XCConfigurationList section */
		969354CF222EF1B400752858 /* Build configuration list for PBXProject "Wanderlist" */ = {
			isa = XCConfigurationList;
			buildConfigurations = (
				969354F2222EF1B500752858 /* Debug */,
				969354F3222EF1B500752858 /* Release */,
			);
			defaultConfigurationIsVisible = 0;
			defaultConfigurationName = Release;
		};
		969354F4222EF1B500752858 /* Build configuration list for PBXNativeTarget "Wanderlist" */ = {
			isa = XCConfigurationList;
			buildConfigurations = (
				969354F5222EF1B500752858 /* Debug */,
				969354F6222EF1B500752858 /* Release */,
			);
			defaultConfigurationIsVisible = 0;
			defaultConfigurationName = Release;
		};
		969354F7222EF1B500752858 /* Build configuration list for PBXNativeTarget "WanderlistTests" */ = {
			isa = XCConfigurationList;
			buildConfigurations = (
				969354F8222EF1B500752858 /* Debug */,
				969354F9222EF1B500752858 /* Release */,
			);
			defaultConfigurationIsVisible = 0;
			defaultConfigurationName = Release;
		};
/* End XCConfigurationList section */

/* Begin XCVersionGroup section */
		969354DE222EF1B400752858 /* Wanderlist.xcdatamodeld */ = {
			isa = XCVersionGroup;
			children = (
				969354DF222EF1B400752858 /* Wanderlist.xcdatamodel */,
			);
			currentVersion = 969354DF222EF1B400752858 /* Wanderlist.xcdatamodel */;
			path = Wanderlist.xcdatamodeld;
			sourceTree = "<group>";
			versionGroupType = wrapper.xcdatamodel;
		};
/* End XCVersionGroup section */
	};
	rootObject = 969354CC222EF1B400752858 /* Project object */;
}
